
Microsoft Visual Studio Solution File, Format Version 12.00
# Visual Studio Version 17
VisualStudioVersion = 17.5.33424.131
MinimumVisualStudioVersion = 10.0.40219.1
Project("{FAE04EC0-301F-11D3-BF4B-00C04F79EFBC}") = "lap2_sql", "lap2_sql\lap2_sql.csproj", "{F3DB1CA5-0103-4561-942F-B42A773C525C}"
EndProject
Global
	GlobalSection(SolutionConfigurationPlatforms) = preSolution
		Debug|Any CPU = Debug|Any CPU
		Release|Any CPU = Release|Any CPU
	EndGlobalSection
	GlobalSection(ProjectConfigurationPlatforms) = postSolution
		{F3DB1CA5-0103-4561-942F-B42A773C525C}.Debug|Any CPU.ActiveCfg = Debug|Any CPU
		{F3DB1CA5-0103-4561-942F-B42A773C525C}.Debug|Any CPU.Build.0 = Debug|Any CPU
		{F3DB1CA5-0103-4561-942F-B42A773C525C}.Release|Any CPU.ActiveCfg = Release|Any CPU
		{F3DB1CA5-0103-4561-942F-B42A773C525C}.Release|Any CPU.Build.0 = Release|Any CPU
	EndGlobalSection
	GlobalSection(SolutionProperties) = preSolution
		HideSolutionNode = FALSE
	EndGlobalSection
	GlobalSection(ExtensibilityGlobals) = postSolution
		SolutionGuid = {0AE5CAF9-331D-4263-9E5C-4D31278B82A5}
	EndGlobalSection
EndGlobal
